<Solution>
  <Folder Name="/src/">
    <Project Path="src/LetsEncryptRunner.Core/LetsEncryptRunner.Core.csproj" />
    <Project Path="src/LetsEncryptRunner.RenewalRunner/LetsEncryptRunner.RenewalRunner.csproj" />
    <Project Path="src/LetsEncryptRunner.Setup/LetsEncryptRunner.Setup.csproj" />
  </Folder>
</Solution>
